// !$*UTF8*$!
{
	archiveVersion = 1;
	classes = {
	};
	objectVersion = 46;
	objects = {

/* Begin PBXBuildFile section */
		C6192CB31E280A11004B0DFE /* main.swift in Sources */ = {isa = PBXBuildFile; fileRef = C6192CB21E280A11004B0DFE /* main.swift */; };
		C6192CBA1E280EF6004B0DFE /* lineReader.swift in Sources */ = {isa = PBXBuildFile; fileRef = C6192CB91E280EF6004B0DFE /* lineReader.swift */; };
/* End PBXBuildFile section */

/* Begin PBXCopyFilesBuildPhase section */
		C6192CAD1E280A0F004B0DFE /* CopyFiles */ = {
			isa = PBXCopyFilesBuildPhase;
			buildActionMask = 2147483647;
			dstPath = /usr/share/man/man1/;
			dstSubfolderSpec = 0;
			files = (
			);
			runOnlyForDeploymentPostprocessing = 1;
		};
/* End PBXCopyFilesBuildPhase section */

/* Begin PBXFileReference section */
		C6192CAF1E280A11004B0DFE /* MentalHealthWeekDataAnalysis */ = {isa = PBXFileReference; explicitFileType = "compiled.mach-o.executable"; includeInIndex = 0; path = MentalHealthWeekDataAnalysis; sourceTree = BUILT_PRODUCTS_DIR; };
		C6192CB21E280A11004B0DFE /* main.swift */ = {isa = PBXFileReference; lastKnownFileType = sourcecode.swift; path = main.swift; sourceTree = "<group>"; usesTabs = 1; };
		C6192CB91E280EF6004B0DFE /* lineReader.swift */ = {isa = PBXFileReference; fileEncoding = 4; lastKnownFileType = sourcecode.swift; path = lineReader.swift; sourceTree = "<group>"; };
/* End PBXFileReference section */

/* Begin PBXFrameworksBuildPhase section */
		C6192CAC1E280A0F004B0DFE /* Frameworks */ = {
			isa = PBXFrameworksBuildPhase;
			buildActionMask = 2147483647;
			files = (
			);
			runOnlyForDeploymentPostprocessing = 0;
		};
/* End PBXFrameworksBuildPhase section */

/* Begin PBXGroup section */
		C6192CA61E280A0F004B0DFE = {
			isa = PBXGroup;
			children = (
				C6192CB11E280A11004B0DFE /* MentalHealthWeekDataAnalysis */,
				C6192CB01E280A11004B0DFE /* Products */,
			);
			sourceTree = "<group>";
		};
		C6192CB01E280A11004B0DFE /* Products */ = {
			isa = PBXGroup;
			children = (
				C6192CAF1E280A11004B0DFE /* MentalHealthWeekDataAnalysis */,
			);
			name = Products;
			sourceTree = "<group>";
		};
		C6192CB11E280A11004B0DFE /* MentalHealthWeekDataAnalysis */ = {
			isa = PBXGroup;
			children = (
				C6192CB21E280A11004B0DFE /* main.swift */,
				C6192CB91E280EF6004B0DFE /* lineReader.swift */,
			);
			path = MentalHealthWeekDataAnalysis;
			sourceTree = "<group>";
		};
/* End PBXGroup section */

/* Begin PBXNativeTarget section */
		C6192CAE1E280A0F004B0DFE /* MentalHealthWeekDataAnalysis */ = {
			isa = PBXNativeTarget;
			buildConfigurationList = C6192CB61E280A11004B0DFE /* Build configuration list for PBXNativeTarget "MentalHealthWeekDataAnalysis" */;
			buildPhases = (
				C6192CAB1E280A0F004B0DFE /* Sources */,
				C6192CAC1E280A0F004B0DFE /* Frameworks */,
				C6192CAD1E280A0F004B0DFE /* CopyFiles */,
			);
			buildRules = (
			);
			dependencies = (
			);
			name = MentalHealthWeekDataAnalysis;
			productName = MentalHealthWeekDataAnalysis;
			productReference = C6192CAF1E280A11004B0DFE /* MentalHealthWeekDataAnalysis */;
			productType = "com.apple.product-type.tool";
		};
/* End PBXNativeTarget section */

/* Begin PBXProject section */
		C6192CA71E280A0F004B0DFE /* Project object */ = {
			isa = PBXProject;
			attributes = {
				LastSwiftUpdateCheck = 0800;
				LastUpgradeCheck = 0800;
				ORGANIZATIONNAME = "Brendan Leder";
				TargetAttributes = {
					C6192CAE1E280A0F004B0DFE = {
						CreatedOnToolsVersion = 8.0;
						DevelopmentTeam = W4883LG747;
						ProvisioningStyle = Automatic;
					};
				};
			};
			buildConfigurationList = C6192CAA1E280A0F004B0DFE /* Build configuration list for PBXProject "MentalHealthWeekDataAnalysis" */;
			compatibilityVersion = "Xcode 3.2";
			developmentRegion = English;
			hasScannedForEncodings = 0;
			knownRegions = (
				en,
			);
			mainGroup = C6192CA61E280A0F004B0DFE;
			productRefGroup = C6192CB01E280A11004B0DFE /* Products */;
			projectDirPath = "";
			projectRoot = "";
			targets = (
				C6192CAE1E280A0F004B0DFE /* MentalHealthWeekDataAnalysis */,
			);
		};
/* End PBXProject section */

/* Begin PBXSourcesBuildPhase section */
		C6192CAB1E280A0F004B0DFE /* Sources */ = {
			isa = PBXSourcesBuildPhase;
			buildActionMask = 2147483647;
			files = (
				C6192CB31E280A11004B0DFE /* main.swift in Sources */,
				C6192CBA1E280EF6004B0DFE /* lineReader.swift in Sources */,
			);
			runOnlyForDeploymentPostprocessing = 0;
		};
/* End PBXSourcesBuildPhase section */

/* Begin XCBuildConfiguration section */
		C6192CB41E280A11004B0DFE /* Debug */ = {
			isa = XCBuildConfiguration;
			buildSettings = {
				ALWAYS_SEARCH_USER_PATHS = NO;
				CLANG_ANALYZER_NONNULL = YES;
				CLANG_CXX_LANGUAGE_STANDARD = "gnu++0x";
				CLANG_CXX_LIBRARY = "libc++";
				CLANG_ENABLE_MODULES = YES;
				CLANG_ENABLE_OBJC_ARC = YES;
				CLANG_WARN_BOOL_CONVERSION = YES;
				CLANG_WARN_CONSTANT_CONVERSION = YES;
				CLANG_WARN_DIRECT_OBJC_ISA_USAGE = YES_ERROR;
				CLANG_WARN_DOCUMENTATION_COMMENTS = YES;
				CLANG_WARN_EMPTY_BODY = YES;
				CLANG_WARN_ENUM_CONVERSION = YES;
				CLANG_WARN_INFINITE_RECURSION = YES;
				CLANG_WARN_INT_CONVERSION = YES;
				CLANG_WARN_OBJC_ROOT_CLASS = YES_ERROR;
				CLANG_WARN_SUSPICIOUS_MOVES = YES;
				CLANG_WARN_UNREACHABLE_CODE = YES;
				CLANG_WARN__DUPLICATE_METHOD_MATCH = YES;
				CODE_SIGN_IDENTITY = "-";
				COPY_PHASE_STRIP = NO;
				DEBUG_INFORMATION_FORMAT = dwarf;
				ENABLE_STRICT_OBJC_MSGSEND = YES;
				ENABLE_TESTABILITY = YES;
				GCC_C_LANGUAGE_STANDARD = gnu99;
				GCC_DYNAMIC_NO_PIC = NO;
				GCC_NO_COMMON_BLOCKS = YES;
				GCC_OPTIMIZATION_LEVEL = 0;
				GCC_PREPROCESSOR_DEFINITIONS = (
					"DEBUG=1",
					"$(inherited)",
				);
				GCC_WARN_64_TO_32_BIT_CONVERSION = YES;
				GCC_WARN_ABOUT_RETURN_TYPE = YES_ERROR;
				GCC_WARN_UNDECLARED_SELECTOR = YES;
				GCC_WARN_UNINITIALIZED_AUTOS = YES_AGGRESSIVE;
				GCC_WARN_UNUSED_FUNCTION = YES;
				GCC_WARN_UNUSED_VARIABLE = YES;
				MACOSX_DEPLOYMENT_TARGET = 10.11;
				MTL_ENABLE_DEBUG_INFO = YES;
				ONLY_ACTIVE_ARCH = YES;
				SDKROOT = macosx;
				SWIFT_OPTIMIZATION_LEVEL = "-Onone";
			};
			name = Debug;
		};
		C6192CB51E280A11004B0DFE /* Release */ = {
			isa = XCBuildConfiguration;
			buildSettings = {
				ALWAYS_SEARCH_USER_PATHS = NO;
				CLANG_ANALYZER_NONNULL = YES;
				CLANG_CXX_LANGUAGE_STANDARD = "gnu++0x";
				CLANG_CXX_LIBRARY = "libc++";
				CLANG_ENABLE_MODULES = YES;
				CLANG_ENABLE_OBJC_ARC = YES;
				CLANG_WARN_BOOL_CONVERSION = YES;
				CLANG_WARN_CONSTANT_CONVERSION = YES;
				CLANG_WARN_DIRECT_OBJC_ISA_USAGE = YES_ERROR;
				CLANG_WARN_DOCUMENTATION_COMMENTS = YES;
				CLANG_WARN_EMPTY_BODY = YES;
				CLANG_WARN_ENUM_CONVERSION = YES;
				CLANG_WARN_INFINITE_RECURSION = YES;
				CLANG_WARN_INT_CONVERSION = YES;
				CLANG_WARN_OBJC_ROOT_CLASS = YES_ERROR;
				CLANG_WARN_SUSPICIOUS_MOVES = YES;
				CLANG_WARN_UNREACHABLE_CODE = YES;
				CLANG_WARN__DUPLICATE_METHOD_MATCH = YES;
				CODE_SIGN_IDENTITY = "-";
				COPY_PHASE_STRIP = NO;
				DEBUG_INFORMATION_FORMAT = "dwarf-with-dsym";
				ENABLE_NS_ASSERTIONS = NO;
				ENABLE_STRICT_OBJC_MSGSEND = YES;
				GCC_C_LANGUAGE_STANDARD = gnu99;
				GCC_NO_COMMON_BLOCKS = YES;
				GCC_WARN_64_TO_32_BIT_CONVERSION = YES;
				GCC_WARN_ABOUT_RETURN_TYPE = YES_ERROR;
				GCC_WARN_UNDECLARED_SELECTOR = YES;
				GCC_WARN_UNINITIALIZED_AUTOS = YES_AGGRESSIVE;
				GCC_WARN_UNUSED_FUNCTION = YES;
				GCC_WARN_UNUSED_VARIABLE = YES;
				MACOSX_DEPLOYMENT_TARGET = 10.11;
				MTL_ENABLE_DEBUG_INFO = NO;
				SDKROOT = macosx;
			};
			name = Release;
		};
		C6192CB71E280A11004B0DFE /* Debug */ = {
			isa = XCBuildConfiguration;
			buildSettings = {
				DEVELOPMENT_TEAM = W4883LG747;
				PRODUCT_NAME = "$(TARGET_NAME)";
				SWIFT_VERSION = 3.0;
			};
			name = Debug;
		};
		C6192CB81E280A11004B0DFE /* Release */ = {
			isa = XCBuildConfiguration;
			buildSettings = {
				DEVELOPMENT_TEAM = W4883LG747;
				PRODUCT_NAME = "$(TARGET_NAME)";
				SWIFT_VERSION = 3.0;
			};
			name = Release;
		};
/* End XCBuildConfiguration section */

/* Begin XCConfigurationList section */
		C6192CAA1E280A0F004B0DFE /* Build configuration list for PBXProject "MentalHealthWeekDataAnalysis" */ = {
			isa = XCConfigurationList;
			buildConfigurations = (
				C6192CB41E280A11004B0DFE /* Debug */,
				C6192CB51E280A11004B0DFE /* Release */,
			);
			defaultConfigurationIsVisible = 0;
			defaultConfigurationName = Release;
		};
		C6192CB61E280A11004B0DFE /* Build configuration list for PBXNativeTarget "MentalHealthWeekDataAnalysis" */ = {
			isa = XCConfigurationList;
			buildConfigurations = (
				C6192CB71E280A11004B0DFE /* Debug */,
				C6192CB81E280A11004B0DFE /* Release */,
			);
			defaultConfigurationIsVisible = 0;
			defaultConfigurationName = Release;
		};
/* End XCConfigurationList section */
	};
	rootObject = C6192CA71E280A0F004B0DFE /* Project object */;
}
